
Microsoft Visual Studio Solution File, Format Version 12.00
# Visual Studio Version 17
VisualStudioVersion = 17.9.34902.65
MinimumVisualStudioVersion = 10.0.40219.1
Project("{9A19103F-16F7-4668-BE54-9A1E7A4F7556}") = "API", "RiskApiTask\API.csproj", "{C2056C0D-27B2-48FA-B6CD-7DEAC6D981D2}"
EndProject
Project("{9A19103F-16F7-4668-BE54-9A1E7A4F7556}") = "Business", "Business\Business.csproj", "{4565C1C4-58F7-474B-9155-B78136580C23}"
EndProject
Project("{9A19103F-16F7-4668-BE54-9A1E7A4F7556}") = "Data", "Data\Data.csproj", "{38055FB0-5F5A-480D-A7A2-48F1AFD3E803}"
EndProject
Project("{9A19103F-16F7-4668-BE54-9A1E7A4F7556}") = "Entity", "Entity\Entity.csproj", "{F80631B1-FB31-43FE-8B6E-B2E859C80312}"
EndProject
Project("{FAE04EC0-301F-11D3-BF4B-00C04F79EFBC}") = "DTO", "DTO\DTO.csproj", "{C772FB78-B5E8-401C-B009-D6A4EF0FB6E6}"
EndProject
Global
	GlobalSection(SolutionConfigurationPlatforms) = preSolution
		Debug|Any CPU = Debug|Any CPU
		Release|Any CPU = Release|Any CPU
	EndGlobalSection
	GlobalSection(ProjectConfigurationPlatforms) = postSolution
		{C2056C0D-27B2-48FA-B6CD-7DEAC6D981D2}.Debug|Any CPU.ActiveCfg = Debug|Any CPU
		{C2056C0D-27B2-48FA-B6CD-7DEAC6D981D2}.Debug|Any CPU.Build.0 = Debug|Any CPU
		{C2056C0D-27B2-48FA-B6CD-7DEAC6D981D2}.Release|Any CPU.ActiveCfg = Release|Any CPU
		{C2056C0D-27B2-48FA-B6CD-7DEAC6D981D2}.Release|Any CPU.Build.0 = Release|Any CPU
		{4565C1C4-58F7-474B-9155-B78136580C23}.Debug|Any CPU.ActiveCfg = Debug|Any CPU
		{4565C1C4-58F7-474B-9155-B78136580C23}.Debug|Any CPU.Build.0 = Debug|Any CPU
		{4565C1C4-58F7-474B-9155-B78136580C23}.Release|Any CPU.ActiveCfg = Release|Any CPU
		{4565C1C4-58F7-474B-9155-B78136580C23}.Release|Any CPU.Build.0 = Release|Any CPU
		{38055FB0-5F5A-480D-A7A2-48F1AFD3E803}.Debug|Any CPU.ActiveCfg = Debug|Any CPU
		{38055FB0-5F5A-480D-A7A2-48F1AFD3E803}.Debug|Any CPU.Build.0 = Debug|Any CPU
		{38055FB0-5F5A-480D-A7A2-48F1AFD3E803}.Release|Any CPU.ActiveCfg = Release|Any CPU
		{38055FB0-5F5A-480D-A7A2-48F1AFD3E803}.Release|Any CPU.Build.0 = Release|Any CPU
		{F80631B1-FB31-43FE-8B6E-B2E859C80312}.Debug|Any CPU.ActiveCfg = Debug|Any CPU
		{F80631B1-FB31-43FE-8B6E-B2E859C80312}.Debug|Any CPU.Build.0 = Debug|Any CPU
		{F80631B1-FB31-43FE-8B6E-B2E859C80312}.Release|Any CPU.ActiveCfg = Release|Any CPU
		{F80631B1-FB31-43FE-8B6E-B2E859C80312}.Release|Any CPU.Build.0 = Release|Any CPU
		{C772FB78-B5E8-401C-B009-D6A4EF0FB6E6}.Debug|Any CPU.ActiveCfg = Debug|Any CPU
		{C772FB78-B5E8-401C-B009-D6A4EF0FB6E6}.Debug|Any CPU.Build.0 = Debug|Any CPU
		{C772FB78-B5E8-401C-B009-D6A4EF0FB6E6}.Release|Any CPU.ActiveCfg = Release|Any CPU
		{C772FB78-B5E8-401C-B009-D6A4EF0FB6E6}.Release|Any CPU.Build.0 = Release|Any CPU
	EndGlobalSection
	GlobalSection(SolutionProperties) = preSolution
		HideSolutionNode = FALSE
	EndGlobalSection
	GlobalSection(ExtensibilityGlobals) = postSolution
		SolutionGuid = {58FB0AF4-3CAB-47FD-84B4-15F958F2F603}
	EndGlobalSection
EndGlobal
